
Microsoft Visual Studio Solution File, Format Version 12.00
# Visual Studio Version 17
VisualStudioVersion = 17.13.35806.99 d17.13
MinimumVisualStudioVersion = 10.0.40219.1
Project("{FAE04EC0-301F-11D3-BF4B-00C04F79EFBC}") = "QLBanSach_64139020", "QLBanSach_64139020.csproj", "{F319C1ED-E3E9-4908-B7B3-A1139EC1B801}"
EndProject
Global
	GlobalSection(SolutionConfigurationPlatforms) = preSolution
		Debug|Any CPU = Debug|Any CPU
		Release|Any CPU = Release|Any CPU
	EndGlobalSection
	GlobalSection(ProjectConfigurationPlatforms) = postSolution
		{F319C1ED-E3E9-4908-B7B3-A1139EC1B801}.Debug|Any CPU.ActiveCfg = Debug|Any CPU
		{F319C1ED-E3E9-4908-B7B3-A1139EC1B801}.Debug|Any CPU.Build.0 = Debug|Any CPU
		{F319C1ED-E3E9-4908-B7B3-A1139EC1B801}.Release|Any CPU.ActiveCfg = Release|Any CPU
		{F319C1ED-E3E9-4908-B7B3-A1139EC1B801}.Release|Any CPU.Build.0 = Release|Any CPU
	EndGlobalSection
	GlobalSection(SolutionProperties) = preSolution
		HideSolutionNode = FALSE
	EndGlobalSection
	GlobalSection(ExtensibilityGlobals) = postSolution
		SolutionGuid = {0941E536-9424-4322-B943-5876ED1E5568}
	EndGlobalSection
EndGlobal
