
Microsoft Visual Studio Solution File, Format Version 12.00
# Visual Studio Version 17
VisualStudioVersion = 17.7.34031.279
MinimumVisualStudioVersion = 10.0.40219.1
Project("{FAE04EC0-301F-11D3-BF4B-00C04F79EFBC}") = "KT0720Thanh_64123456", "KT0720Thanh_64123456\KT0720Thanh_64123456.csproj", "{8BD08D7B-E230-469C-B8B0-71A617E6B1B8}"
EndProject
Global
	GlobalSection(SolutionConfigurationPlatforms) = preSolution
		Debug|Any CPU = Debug|Any CPU
		Release|Any CPU = Release|Any CPU
	EndGlobalSection
	GlobalSection(ProjectConfigurationPlatforms) = postSolution
		{8BD08D7B-E230-469C-B8B0-71A617E6B1B8}.Debug|Any CPU.ActiveCfg = Debug|Any CPU
		{8BD08D7B-E230-469C-B8B0-71A617E6B1B8}.Debug|Any CPU.Build.0 = Debug|Any CPU
		{8BD08D7B-E230-469C-B8B0-71A617E6B1B8}.Release|Any CPU.ActiveCfg = Release|Any CPU
		{8BD08D7B-E230-469C-B8B0-71A617E6B1B8}.Release|Any CPU.Build.0 = Release|Any CPU
	EndGlobalSection
	GlobalSection(SolutionProperties) = preSolution
		HideSolutionNode = FALSE
	EndGlobalSection
	GlobalSection(ExtensibilityGlobals) = postSolution
		SolutionGuid = {EF1B239A-5950-4B9A-86B6-16DB98BB3786}
	EndGlobalSection
EndGlobal
